PODS:
  - flute_music_player (0.0.1):
    - Flutter
  - Flutter (1.0.0)

DEPENDENCIES:
  - flute_music_player (from `.symlinks/plugins/flute_music_player/ios`)
  - Flutter (from `Flutter`)

EXTERNAL SOURCES:
  flute_music_player:
    :path: ".symlinks/plugins/flute_music_player/ios"
  Flutter:
    :path: Flutter

SPEC CHECKSUMS:
  flute_music_player: d1518d964a79ddb0c47ce8e50185e041ecd01334
  Flutter: 0e3d915762c693b495b44d77113d4970485de6ec

PODFILE CHECKSUM: 8d1568faedcab56a33296f3856ec16c04b2eda64

COCOAPODS: 1.9.0.beta.2
